
Microsoft Visual Studio Solution File, Format Version 12.00
# Visual Studio 15
Project("{FAE04EC0-301F-11D3-BF4B-00C04F79EFBC}") = "Assembly-CSharp", "Assembly-CSharp.csproj", "{43774D2C-28A3-6935-6965-C844D67113D8}"
EndProject
Project("{FAE04EC0-301F-11D3-BF4B-00C04F79EFBC}") = "Assembly-CSharp-Editor", "Assembly-CSharp-Editor.csproj", "{B3183114-6D06-814A-CF19-35F03E3B7FB0}"
EndProject
Global
	GlobalSection(SolutionConfigurationPlatforms) = preSolution
		Debug|Any CPU = Debug|Any CPU
		Release|Any CPU = Release|Any CPU
	EndGlobalSection
	GlobalSection(ProjectConfigurationPlatforms) = postSolution
		{43774D2C-28A3-6935-6965-C844D67113D8}.Debug|Any CPU.ActiveCfg = Debug|Any CPU
		{43774D2C-28A3-6935-6965-C844D67113D8}.Debug|Any CPU.Build.0 = Debug|Any CPU
		{43774D2C-28A3-6935-6965-C844D67113D8}.Release|Any CPU.ActiveCfg = Release|Any CPU
		{43774D2C-28A3-6935-6965-C844D67113D8}.Release|Any CPU.Build.0 = Release|Any CPU
		{B3183114-6D06-814A-CF19-35F03E3B7FB0}.Debug|Any CPU.ActiveCfg = Debug|Any CPU
		{B3183114-6D06-814A-CF19-35F03E3B7FB0}.Debug|Any CPU.Build.0 = Debug|Any CPU
		{B3183114-6D06-814A-CF19-35F03E3B7FB0}.Release|Any CPU.ActiveCfg = Release|Any CPU
		{B3183114-6D06-814A-CF19-35F03E3B7FB0}.Release|Any CPU.Build.0 = Release|Any CPU
	EndGlobalSection
	GlobalSection(SolutionProperties) = preSolution
		HideSolutionNode = FALSE
	EndGlobalSection
EndGlobal
